
Microsoft Visual Studio Solution File, Format Version 12.00
# Visual Studio Version 17
VisualStudioVersion = 17.10.35122.118
MinimumVisualStudioVersion = 10.0.40219.1
Project("{FAE04EC0-301F-11D3-BF4B-00C04F79EFBC}") = "proyectofinal", "proyectofinal\proyectofinal.csproj", "{0C991C42-3A15-4178-A2B1-68D90B503166}"
EndProject
Global
	GlobalSection(SolutionConfigurationPlatforms) = preSolution
		Debug|Any CPU = Debug|Any CPU
		Release|Any CPU = Release|Any CPU
	EndGlobalSection
	GlobalSection(ProjectConfigurationPlatforms) = postSolution
		{0C991C42-3A15-4178-A2B1-68D90B503166}.Debug|Any CPU.ActiveCfg = Debug|Any CPU
		{0C991C42-3A15-4178-A2B1-68D90B503166}.Debug|Any CPU.Build.0 = Debug|Any CPU
		{0C991C42-3A15-4178-A2B1-68D90B503166}.Release|Any CPU.ActiveCfg = Release|Any CPU
		{0C991C42-3A15-4178-A2B1-68D90B503166}.Release|Any CPU.Build.0 = Release|Any CPU
	EndGlobalSection
	GlobalSection(SolutionProperties) = preSolution
		HideSolutionNode = FALSE
	EndGlobalSection
	GlobalSection(ExtensibilityGlobals) = postSolution
		SolutionGuid = {8B30FE01-D68A-4B4B-A7E6-1060F6258E30}
	EndGlobalSection
EndGlobal
